// !$*UTF8*$!
{
	archiveVersion = 1;
	classes = {
	};
	objectVersion = 46;
	objects = {

/* Begin PBXBuildFile section */
		392AF9221D4FEED300A91F92 /* Semester.swift in Sources */ = {isa = PBXBuildFile; fileRef = 392AF9211D4FEED300A91F92 /* Semester.swift */; };
		392ED1491D4FFDA600E65629 /* Course.swift in Sources */ = {isa = PBXBuildFile; fileRef = 392ED1481D4FFDA600E65629 /* Course.swift */; };
		392ED14B1D50008400E65629 /* Evaluation.swift in Sources */ = {isa = PBXBuildFile; fileRef = 392ED14A1D50008400E65629 /* Evaluation.swift */; };
		393155A41D5010630010A01E /* SemestersViewController.swift in Sources */ = {isa = PBXBuildFile; fileRef = 393155A31D5010630010A01E /* SemestersViewController.swift */; };
		393155A81D50128F0010A01E /* SemesterTableViewCell.swift in Sources */ = {isa = PBXBuildFile; fileRef = 393155A61D50128F0010A01E /* SemesterTableViewCell.swift */; };
		393155A91D50128F0010A01E /* SemesterTableViewCell.xib in Resources */ = {isa = PBXBuildFile; fileRef = 393155A71D50128F0010A01E /* SemesterTableViewCell.xib */; };
		3938807B1D54C8A900759435 /* ProfileViewController.swift in Sources */ = {isa = PBXBuildFile; fileRef = 3938807A1D54C8A900759435 /* ProfileViewController.swift */; };
		3938807D1D54C8C700759435 /* User.swift in Sources */ = {isa = PBXBuildFile; fileRef = 3938807C1D54C8C700759435 /* User.swift */; };
		3938807F1D54C96100759435 /* UserDefaultsController.swift in Sources */ = {isa = PBXBuildFile; fileRef = 3938807E1D54C96100759435 /* UserDefaultsController.swift */; };
		393880851D54CCEB00759435 /* ProfileHeaderTableViewCell.swift in Sources */ = {isa = PBXBuildFile; fileRef = 393880831D54CCEB00759435 /* ProfileHeaderTableViewCell.swift */; };
		393880861D54CCEB00759435 /* ProfileHeaderTableViewCell.xib in Resources */ = {isa = PBXBuildFile; fileRef = 393880841D54CCEB00759435 /* ProfileHeaderTableViewCell.xib */; };
		3949C1C31D4C023600ECA06E /* AppDelegate.swift in Sources */ = {isa = PBXBuildFile; fileRef = 3949C1C21D4C023600ECA06E /* AppDelegate.swift */; };
		3949C1C51D4C023600ECA06E /* FirstViewController.swift in Sources */ = {isa = PBXBuildFile; fileRef = 3949C1C41D4C023600ECA06E /* FirstViewController.swift */; };
		3949C1C71D4C023600ECA06E /* SecondViewController.swift in Sources */ = {isa = PBXBuildFile; fileRef = 3949C1C61D4C023600ECA06E /* SecondViewController.swift */; };
		3949C1CA1D4C023600ECA06E /* Main.storyboard in Resources */ = {isa = PBXBuildFile; fileRef = 3949C1C81D4C023600ECA06E /* Main.storyboard */; };
		3949C1CC1D4C023600ECA06E /* Assets.xcassets in Resources */ = {isa = PBXBuildFile; fileRef = 3949C1CB1D4C023600ECA06E /* Assets.xcassets */; };
		3949C1CF1D4C023600ECA06E /* LaunchScreen.storyboard in Resources */ = {isa = PBXBuildFile; fileRef = 3949C1CD1D4C023600ECA06E /* LaunchScreen.storyboard */; };
		6F3DDBC5F559E07668FE8AAA /* Pods.framework in Frameworks */ = {isa = PBXBuildFile; fileRef = 8A7EF0CF04E05F748B7B6429 /* Pods.framework */; };
		7F1BC48F1D5234C100DD9DD9 /* NavigationTabViewController.swift in Sources */ = {isa = PBXBuildFile; fileRef = 7F1BC48E1D5234C100DD9DD9 /* NavigationTabViewController.swift */; };
		7F1BC4961D5245DD00DD9DD9 /* ColorViewController.swift in Sources */ = {isa = PBXBuildFile; fileRef = 7F1BC4951D5245DD00DD9DD9 /* ColorViewController.swift */; };
		7F1BC49D1D52465800DD9DD9 /* QuickPickerViewController.swift in Sources */ = {isa = PBXBuildFile; fileRef = 7F1BC49C1D52465800DD9DD9 /* QuickPickerViewController.swift */; };
		7F1BC4A01D524FE600DD9DD9 /* TintedImage.swift in Sources */ = {isa = PBXBuildFile; fileRef = 7F1BC49F1D524FE600DD9DD9 /* TintedImage.swift */; };
		7F1BC4A31D52520600DD9DD9 /* ThemeColors.swift in Sources */ = {isa = PBXBuildFile; fileRef = 7F1BC4A21D52520600DD9DD9 /* ThemeColors.swift */; };
		7F1BC4A61D52574A00DD9DD9 /* HexaColorExtension.swift in Sources */ = {isa = PBXBuildFile; fileRef = 7F1BC4A51D52574A00DD9DD9 /* HexaColorExtension.swift */; };
		7F1BC4A81D52598400DD9DD9 /* ThemeHelper.swift in Sources */ = {isa = PBXBuildFile; fileRef = 7F1BC4A71D52598400DD9DD9 /* ThemeHelper.swift */; };
		7F1BC4AC1D528BCA00DD9DD9 /* UcalcViewController.swift in Sources */ = {isa = PBXBuildFile; fileRef = 7F1BC4AB1D528BCA00DD9DD9 /* UcalcViewController.swift */; };
		7F33B9BF1D50F87B009B60FA /* airglyphs.ttf in Resources */ = {isa = PBXBuildFile; fileRef = 7F33B9BB1D50F87B009B60FA /* airglyphs.ttf */; };
		7F33B9C01D50F87B009B60FA /* circular_bold.otf in Resources */ = {isa = PBXBuildFile; fileRef = 7F33B9BC1D50F87B009B60FA /* circular_bold.otf */; };
		7F33B9C11D50F87B009B60FA /* circular_book.otf in Resources */ = {isa = PBXBuildFile; fileRef = 7F33B9BD1D50F87B009B60FA /* circular_book.otf */; };
		7F33B9C21D50F87B009B60FA /* circular_light.otf in Resources */ = {isa = PBXBuildFile; fileRef = 7F33B9BE1D50F87B009B60FA /* circular_light.otf */; };
		7F33B9C41D50F91A009B60FA /* FontHelper.swift in Sources */ = {isa = PBXBuildFile; fileRef = 7F33B9C31D50F91A009B60FA /* FontHelper.swift */; };
		7F33B9C61D50FD47009B60FA /* ViewFontExtensions.swift in Sources */ = {isa = PBXBuildFile; fileRef = 7F33B9C51D50FD47009B60FA /* ViewFontExtensions.swift */; };
		7F33B9C91D51073B009B60FA /* RootTabBarController.swift in Sources */ = {isa = PBXBuildFile; fileRef = 7F33B9C81D51073B009B60FA /* RootTabBarController.swift */; };
		7F45FCD11D54AAF100CE3E1D /* Localizable.strings in Resources */ = {isa = PBXBuildFile; fileRef = 7F45FCD31D54AAF100CE3E1D /* Localizable.strings */; };
		7F45FCD71D54AD8700CE3E1D /* LocalizationExtensions.swift in Sources */ = {isa = PBXBuildFile; fileRef = 7F45FCD61D54AD8700CE3E1D /* LocalizationExtensions.swift */; };
		7F45FCDA1D54B9BF00CE3E1D /* OptionTableViewCell.swift in Sources */ = {isa = PBXBuildFile; fileRef = 7F45FCD81D54B9BF00CE3E1D /* OptionTableViewCell.swift */; };
		7F45FCDB1D54B9BF00CE3E1D /* OptionTableViewCell.xib in Resources */ = {isa = PBXBuildFile; fileRef = 7F45FCD91D54B9BF00CE3E1D /* OptionTableViewCell.xib */; };
		7FB451031D53A01400567BC6 /* RoundedButton.swift in Sources */ = {isa = PBXBuildFile; fileRef = 7FB451021D53A01400567BC6 /* RoundedButton.swift */; };
		7FCE923C1D5345AE00287E44 /* SemesterDialogView.swift in Sources */ = {isa = PBXBuildFile; fileRef = 7FCE923B1D5345AE00287E44 /* SemesterDialogView.swift */; };
		7FCE923E1D5345BC00287E44 /* SemesterDialogView.xib in Resources */ = {isa = PBXBuildFile; fileRef = 7FCE923D1D5345BC00287E44 /* SemesterDialogView.xib */; };
		7FCE92421D5346A800287E44 /* BlurredView.swift in Sources */ = {isa = PBXBuildFile; fileRef = 7FCE92411D5346A800287E44 /* BlurredView.swift */; };
		7FCE92441D5359E700287E44 /* UiUtils.swift in Sources */ = {isa = PBXBuildFile; fileRef = 7FCE92431D5359E700287E44 /* UiUtils.swift */; };
/* End PBXBuildFile section */

/* Begin PBXFileReference section */
		1CBD48F95C85D890F01E3EC0 /* Pods.release.xcconfig */ = {isa = PBXFileReference; includeInIndex = 1; lastKnownFileType = text.xcconfig; name = Pods.release.xcconfig; path = "../Pods/Target Support Files/Pods/Pods.release.xcconfig"; sourceTree = "<group>"; };
		392AF9211D4FEED300A91F92 /* Semester.swift */ = {isa = PBXFileReference; fileEncoding = 4; lastKnownFileType = sourcecode.swift; name = Semester.swift; path = Semester/Model/Semester.swift; sourceTree = "<group>"; };
		392ED1481D4FFDA600E65629 /* Course.swift */ = {isa = PBXFileReference; fileEncoding = 4; lastKnownFileType = sourcecode.swift; name = Course.swift; path = Course/Model/Course.swift; sourceTree = "<group>"; };
		392ED14A1D50008400E65629 /* Evaluation.swift */ = {isa = PBXFileReference; fileEncoding = 4; lastKnownFileType = sourcecode.swift; name = Evaluation.swift; path = Course/Model/Evaluation.swift; sourceTree = "<group>"; };
		393155A31D5010630010A01E /* SemestersViewController.swift */ = {isa = PBXFileReference; fileEncoding = 4; lastKnownFileType = sourcecode.swift; name = SemestersViewController.swift; path = Semester/ViewController/SemestersViewController.swift; sourceTree = "<group>"; };
		393155A61D50128F0010A01E /* SemesterTableViewCell.swift */ = {isa = PBXFileReference; fileEncoding = 4; lastKnownFileType = sourcecode.swift; name = SemesterTableViewCell.swift; path = Semester/View/Cell/SemesterTableViewCell.swift; sourceTree = "<group>"; };
		393155A71D50128F0010A01E /* SemesterTableViewCell.xib */ = {isa = PBXFileReference; fileEncoding = 4; lastKnownFileType = file.xib; name = SemesterTableViewCell.xib; path = Semester/View/Cell/SemesterTableViewCell.xib; sourceTree = "<group>"; };
		3938807A1D54C8A900759435 /* ProfileViewController.swift */ = {isa = PBXFileReference; fileEncoding = 4; lastKnownFileType = sourcecode.swift; name = ProfileViewController.swift; path = Profile/ViewController/ProfileViewController.swift; sourceTree = "<group>"; };
		3938807C1D54C8C700759435 /* User.swift */ = {isa = PBXFileReference; fileEncoding = 4; lastKnownFileType = sourcecode.swift; name = User.swift; path = Profile/Model/User.swift; sourceTree = "<group>"; };
		3938807E1D54C96100759435 /* UserDefaultsController.swift */ = {isa = PBXFileReference; fileEncoding = 4; lastKnownFileType = sourcecode.swift; name = UserDefaultsController.swift; path = Profile/Controller/UserDefaultsController.swift; sourceTree = "<group>"; };
		393880831D54CCEB00759435 /* ProfileHeaderTableViewCell.swift */ = {isa = PBXFileReference; fileEncoding = 4; lastKnownFileType = sourcecode.swift; name = ProfileHeaderTableViewCell.swift; path = Profile/View/Cell/ProfileHeaderTableViewCell.swift; sourceTree = "<group>"; };
		393880841D54CCEB00759435 /* ProfileHeaderTableViewCell.xib */ = {isa = PBXFileReference; fileEncoding = 4; lastKnownFileType = file.xib; name = ProfileHeaderTableViewCell.xib; path = Profile/View/Cell/ProfileHeaderTableViewCell.xib; sourceTree = "<group>"; };
		3949C1BF1D4C023600ECA06E /* uCalc.app */ = {isa = PBXFileReference; explicitFileType = wrapper.application; includeInIndex = 0; path = uCalc.app; sourceTree = BUILT_PRODUCTS_DIR; };
		3949C1C21D4C023600ECA06E /* AppDelegate.swift */ = {isa = PBXFileReference; lastKnownFileType = sourcecode.swift; path = AppDelegate.swift; sourceTree = "<group>"; };
		3949C1C41D4C023600ECA06E /* FirstViewController.swift */ = {isa = PBXFileReference; lastKnownFileType = sourcecode.swift; path = FirstViewController.swift; sourceTree = "<group>"; };
		3949C1C61D4C023600ECA06E /* SecondViewController.swift */ = {isa = PBXFileReference; lastKnownFileType = sourcecode.swift; path = SecondViewController.swift; sourceTree = "<group>"; };
		3949C1C91D4C023600ECA06E /* Base */ = {isa = PBXFileReference; lastKnownFileType = file.storyboard; name = Base; path = Base.lproj/Main.storyboard; sourceTree = "<group>"; };
		3949C1CB1D4C023600ECA06E /* Assets.xcassets */ = {isa = PBXFileReference; lastKnownFileType = folder.assetcatalog; path = Assets.xcassets; sourceTree = "<group>"; };
		3949C1CE1D4C023600ECA06E /* Base */ = {isa = PBXFileReference; lastKnownFileType = file.storyboard; name = Base; path = Base.lproj/LaunchScreen.storyboard; sourceTree = "<group>"; };
		3949C1D01D4C023600ECA06E /* Info.plist */ = {isa = PBXFileReference; lastKnownFileType = text.plist.xml; path = Info.plist; sourceTree = "<group>"; };
		7F1BC48E1D5234C100DD9DD9 /* NavigationTabViewController.swift */ = {isa = PBXFileReference; fileEncoding = 4; lastKnownFileType = sourcecode.swift; name = NavigationTabViewController.swift; path = Root/NavigationTabViewController.swift; sourceTree = "<group>"; };
		7F1BC4951D5245DD00DD9DD9 /* ColorViewController.swift */ = {isa = PBXFileReference; fileEncoding = 4; lastKnownFileType = sourcecode.swift; name = ColorViewController.swift; path = Profile/ViewController/ColorViewController.swift; sourceTree = "<group>"; };
		7F1BC49C1D52465800DD9DD9 /* QuickPickerViewController.swift */ = {isa = PBXFileReference; fileEncoding = 4; lastKnownFileType = sourcecode.swift; name = QuickPickerViewController.swift; path = "Quick calculus/ViewController/QuickPickerViewController.swift"; sourceTree = "<group>"; };
		7F1BC49F1D524FE600DD9DD9 /* TintedImage.swift */ = {isa = PBXFileReference; fileEncoding = 4; lastKnownFileType = sourcecode.swift; name = TintedImage.swift; path = Configuration/Utils/TintedImage.swift; sourceTree = "<group>"; };
		7F1BC4A21D52520600DD9DD9 /* ThemeColors.swift */ = {isa = PBXFileReference; fileEncoding = 4; lastKnownFileType = sourcecode.swift; name = ThemeColors.swift; path = Configuration/Themes/ThemeColors.swift; sourceTree = "<group>"; };
		7F1BC4A51D52574A00DD9DD9 /* HexaColorExtension.swift */ = {isa = PBXFileReference; fileEncoding = 4; lastKnownFileType = sourcecode.swift; name = HexaColorExtension.swift; path = Configuration/Categories/HexaColorExtension.swift; sourceTree = "<group>"; };
		7F1BC4A71D52598400DD9DD9 /* ThemeHelper.swift */ = {isa = PBXFileReference; fileEncoding = 4; lastKnownFileType = sourcecode.swift; name = ThemeHelper.swift; path = Configuration/Themes/ThemeHelper.swift; sourceTree = "<group>"; };
		7F1BC4AB1D528BCA00DD9DD9 /* UcalcViewController.swift */ = {isa = PBXFileReference; fileEncoding = 4; lastKnownFileType = sourcecode.swift; name = UcalcViewController.swift; path = Configuration/View/UcalcViewController.swift; sourceTree = "<group>"; };
		7F33B9BB1D50F87B009B60FA /* airglyphs.ttf */ = {isa = PBXFileReference; lastKnownFileType = file; name = airglyphs.ttf; path = Configuration/Font/airglyphs.ttf; sourceTree = "<group>"; };
		7F33B9BC1D50F87B009B60FA /* circular_bold.otf */ = {isa = PBXFileReference; lastKnownFileType = file; name = circular_bold.otf; path = Configuration/Font/circular_bold.otf; sourceTree = "<group>"; };
		7F33B9BD1D50F87B009B60FA /* circular_book.otf */ = {isa = PBXFileReference; lastKnownFileType = file; name = circular_book.otf; path = Configuration/Font/circular_book.otf; sourceTree = "<group>"; };
		7F33B9BE1D50F87B009B60FA /* circular_light.otf */ = {isa = PBXFileReference; lastKnownFileType = file; name = circular_light.otf; path = Configuration/Font/circular_light.otf; sourceTree = "<group>"; };
		7F33B9C31D50F91A009B60FA /* FontHelper.swift */ = {isa = PBXFileReference; fileEncoding = 4; lastKnownFileType = sourcecode.swift; name = FontHelper.swift; path = Configuration/Font/FontHelper.swift; sourceTree = "<group>"; };
		7F33B9C51D50FD47009B60FA /* ViewFontExtensions.swift */ = {isa = PBXFileReference; fileEncoding = 4; lastKnownFileType = sourcecode.swift; path = ViewFontExtensions.swift; sourceTree = "<group>"; };
		7F33B9C81D51073B009B60FA /* RootTabBarController.swift */ = {isa = PBXFileReference; fileEncoding = 4; lastKnownFileType = sourcecode.swift; name = RootTabBarController.swift; path = Root/RootTabBarController.swift; sourceTree = "<group>"; };
		7F45FCD21D54AAF100CE3E1D /* Base */ = {isa = PBXFileReference; lastKnownFileType = text.plist.strings; name = Base; path = Base.lproj/Localizable.strings; sourceTree = "<group>"; };
		7F45FCD41D54AAF300CE3E1D /* en */ = {isa = PBXFileReference; lastKnownFileType = text.plist.strings; name = en; path = en.lproj/Localizable.strings; sourceTree = "<group>"; };
		7F45FCD51D54AB2100CE3E1D /* es */ = {isa = PBXFileReference; lastKnownFileType = text.plist.strings; name = es; path = es.lproj/Localizable.strings; sourceTree = "<group>"; };
		7F45FCD61D54AD8700CE3E1D /* LocalizationExtensions.swift */ = {isa = PBXFileReference; fileEncoding = 4; lastKnownFileType = sourcecode.swift; name = LocalizationExtensions.swift; path = Configuration/Localization/LocalizationExtensions.swift; sourceTree = "<group>"; };
		7F45FCD81D54B9BF00CE3E1D /* OptionTableViewCell.swift */ = {isa = PBXFileReference; fileEncoding = 4; lastKnownFileType = sourcecode.swift; name = OptionTableViewCell.swift; path = Profile/View/Cell/OptionTableViewCell.swift; sourceTree = "<group>"; };
		7F45FCD91D54B9BF00CE3E1D /* OptionTableViewCell.xib */ = {isa = PBXFileReference; fileEncoding = 4; lastKnownFileType = file.xib; name = OptionTableViewCell.xib; path = Profile/View/Cell/OptionTableViewCell.xib; sourceTree = "<group>"; };
		7FB451021D53A01400567BC6 /* RoundedButton.swift */ = {isa = PBXFileReference; fileEncoding = 4; lastKnownFileType = sourcecode.swift; name = RoundedButton.swift; path = Configuration/Categories/RoundedButton.swift; sourceTree = "<group>"; };
		7FCE923B1D5345AE00287E44 /* SemesterDialogView.swift */ = {isa = PBXFileReference; fileEncoding = 4; lastKnownFileType = sourcecode.swift; name = SemesterDialogView.swift; path = Semester/View/SemesterDialogView.swift; sourceTree = "<group>"; };
		7FCE923D1D5345BC00287E44 /* SemesterDialogView.xib */ = {isa = PBXFileReference; fileEncoding = 4; lastKnownFileType = file.xib; name = SemesterDialogView.xib; path = Semester/View/SemesterDialogView.xib; sourceTree = "<group>"; };
		7FCE92411D5346A800287E44 /* BlurredView.swift */ = {isa = PBXFileReference; fileEncoding = 4; lastKnownFileType = sourcecode.swift; name = BlurredView.swift; path = Common/View/BlurredView.swift; sourceTree = "<group>"; };
		7FCE92431D5359E700287E44 /* UiUtils.swift */ = {isa = PBXFileReference; fileEncoding = 4; lastKnownFileType = sourcecode.swift; name = UiUtils.swift; path = Configuration/Utils/UiUtils.swift; sourceTree = "<group>"; };
		8A7EF0CF04E05F748B7B6429 /* Pods.framework */ = {isa = PBXFileReference; explicitFileType = wrapper.framework; includeInIndex = 0; path = Pods.framework; sourceTree = BUILT_PRODUCTS_DIR; };
		94F04060EE000B88DD79499C /* Pods.debug.xcconfig */ = {isa = PBXFileReference; includeInIndex = 1; lastKnownFileType = text.xcconfig; name = Pods.debug.xcconfig; path = "../Pods/Target Support Files/Pods/Pods.debug.xcconfig"; sourceTree = "<group>"; };
/* End PBXFileReference section */

/* Begin PBXFrameworksBuildPhase section */
		3949C1BC1D4C023600ECA06E /* Frameworks */ = {
			isa = PBXFrameworksBuildPhase;
			buildActionMask = 2147483647;
			files = (
				6F3DDBC5F559E07668FE8AAA /* Pods.framework in Frameworks */,
			);
			runOnlyForDeploymentPostprocessing = 0;
		};
/* End PBXFrameworksBuildPhase section */

/* Begin PBXGroup section */
		297736252362B32428A33E28 /* Frameworks */ = {
			isa = PBXGroup;
			children = (
				8A7EF0CF04E05F748B7B6429 /* Pods.framework */,
			);
			name = Frameworks;
			sourceTree = "<group>";
		};
		392ED1441D4FFD5A00E65629 /* View */ = {
			isa = PBXGroup;
			children = (
			);
			name = View;
			sourceTree = "<group>";
		};
		392ED1451D4FFD5F00E65629 /* Controller */ = {
			isa = PBXGroup;
			children = (
			);
			name = Controller;
			sourceTree = "<group>";
		};
		392ED1461D4FFD6A00E65629 /* ViewController */ = {
			isa = PBXGroup;
			children = (
			);
			name = ViewController;
			sourceTree = "<group>";
		};
		392ED1471D4FFD7000E65629 /* Model */ = {
			isa = PBXGroup;
			children = (
				392ED1481D4FFDA600E65629 /* Course.swift */,
				392ED14A1D50008400E65629 /* Evaluation.swift */,
			);
			name = Model;
			sourceTree = "<group>";
		};
		393155A51D5012690010A01E /* Cell */ = {
			isa = PBXGroup;
			children = (
				393155A61D50128F0010A01E /* SemesterTableViewCell.swift */,
				393155A71D50128F0010A01E /* SemesterTableViewCell.xib */,
			);
			name = Cell;
			sourceTree = "<group>";
		};
		393880801D54CCA800759435 /* Cell */ = {
			isa = PBXGroup;
			children = (
				393880831D54CCEB00759435 /* ProfileHeaderTableViewCell.swift */,
				393880841D54CCEB00759435 /* ProfileHeaderTableViewCell.xib */,
				7F45FCD81D54B9BF00CE3E1D /* OptionTableViewCell.swift */,
				7F45FCD91D54B9BF00CE3E1D /* OptionTableViewCell.xib */,
			);
			name = Cell;
			sourceTree = "<group>";
		};
		3949C1B61D4C023600ECA06E = {
			isa = PBXGroup;
			children = (
				3949C1C11D4C023600ECA06E /* uCalc */,
				3949C1C01D4C023600ECA06E /* Products */,
				9713D58FE1FEAF5BEA6C2011 /* Pods */,
				297736252362B32428A33E28 /* Frameworks */,
			);
			sourceTree = "<group>";
		};
		3949C1C01D4C023600ECA06E /* Products */ = {
			isa = PBXGroup;
			children = (
				3949C1BF1D4C023600ECA06E /* uCalc.app */,
			);
			name = Products;
			sourceTree = "<group>";
		};
		3949C1C11D4C023600ECA06E /* uCalc */ = {
			isa = PBXGroup;
			children = (
				7F33B9C71D510708009B60FA /* Root */,
				7F3A5D151D4FAAC700CE0349 /* Semester */,
				7F3A5D161D4FAAEF00CE0349 /* Course */,
				7F1BC4971D5245F000DD9DD9 /* Quick calculus */,
				7F3A5D191D4FAB4300CE0349 /* Profile */,
				7F3A5D181D4FAB3600CE0349 /* Onboarding */,
				7FCE923F1D53467100287E44 /* Common */,
				7F3A5D171D4FAB0300CE0349 /* Configuration */,
				3949C1C21D4C023600ECA06E /* AppDelegate.swift */,
				3949C1C41D4C023600ECA06E /* FirstViewController.swift */,
				3949C1C61D4C023600ECA06E /* SecondViewController.swift */,
				3949C1C81D4C023600ECA06E /* Main.storyboard */,
				3949C1CB1D4C023600ECA06E /* Assets.xcassets */,
				3949C1CD1D4C023600ECA06E /* LaunchScreen.storyboard */,
				3949C1D01D4C023600ECA06E /* Info.plist */,
			);
			path = uCalc;
			sourceTree = "<group>";
		};
		7F1BC4901D52455700DD9DD9 /* Controller */ = {
			isa = PBXGroup;
			children = (
				3938807E1D54C96100759435 /* UserDefaultsController.swift */,
			);
			name = Controller;
			sourceTree = "<group>";
		};
		7F1BC4921D52456B00DD9DD9 /* Model */ = {
			isa = PBXGroup;
			children = (
				3938807C1D54C8C700759435 /* User.swift */,
			);
			name = Model;
			sourceTree = "<group>";
		};
		7F1BC4931D52457600DD9DD9 /* ViewController */ = {
			isa = PBXGroup;
			children = (
				7F1BC4951D5245DD00DD9DD9 /* ColorViewController.swift */,
				3938807A1D54C8A900759435 /* ProfileViewController.swift */,
			);
			name = ViewController;
			sourceTree = "<group>";
		};
		7F1BC4941D5245A200DD9DD9 /* View */ = {
			isa = PBXGroup;
			children = (
				393880801D54CCA800759435 /* Cell */,
			);
			name = View;
			sourceTree = "<group>";
		};
		7F1BC4971D5245F000DD9DD9 /* Quick calculus */ = {
			isa = PBXGroup;
			children = (
				7F1BC49B1D52461200DD9DD9 /* Controller */,
				7F1BC49A1D52460D00DD9DD9 /* Model */,
				7F1BC4991D52460600DD9DD9 /* View */,
				7F1BC4981D5245FE00DD9DD9 /* ViewController */,
			);
			name = "Quick calculus";
			sourceTree = "<group>";
		};
		7F1BC4981D5245FE00DD9DD9 /* ViewController */ = {
			isa = PBXGroup;
			children = (
				7F1BC49C1D52465800DD9DD9 /* QuickPickerViewController.swift */,
			);
			name = ViewController;
			sourceTree = "<group>";
		};
		7F1BC4991D52460600DD9DD9 /* View */ = {
			isa = PBXGroup;
			children = (
			);
			name = View;
			sourceTree = "<group>";
		};
		7F1BC49A1D52460D00DD9DD9 /* Model */ = {
			isa = PBXGroup;
			children = (
			);
			name = Model;
			sourceTree = "<group>";
		};
		7F1BC49B1D52461200DD9DD9 /* Controller */ = {
			isa = PBXGroup;
			children = (
			);
			name = Controller;
			sourceTree = "<group>";
		};
		7F1BC49E1D524F9200DD9DD9 /* Utils */ = {
			isa = PBXGroup;
			children = (
				7F1BC49F1D524FE600DD9DD9 /* TintedImage.swift */,
				7FCE92431D5359E700287E44 /* UiUtils.swift */,
			);
			name = Utils;
			sourceTree = "<group>";
		};
		7F1BC4A11D52519F00DD9DD9 /* Themes */ = {
			isa = PBXGroup;
			children = (
				7F1BC4A21D52520600DD9DD9 /* ThemeColors.swift */,
				7F1BC4A71D52598400DD9DD9 /* ThemeHelper.swift */,
			);
			name = Themes;
			sourceTree = "<group>";
		};
		7F1BC4A41D5256DC00DD9DD9 /* Categories */ = {
			isa = PBXGroup;
			children = (
				7F1BC4A51D52574A00DD9DD9 /* HexaColorExtension.swift */,
				7FB451021D53A01400567BC6 /* RoundedButton.swift */,
			);
			name = Categories;
			sourceTree = "<group>";
		};
		7F1BC4A91D528B9500DD9DD9 /* View */ = {
			isa = PBXGroup;
			children = (
				7F1BC4AB1D528BCA00DD9DD9 /* UcalcViewController.swift */,
			);
			name = View;
			sourceTree = "<group>";
		};
		7F33B9BA1D50F862009B60FA /* Font */ = {
			isa = PBXGroup;
			children = (
				7F33B9C51D50FD47009B60FA /* ViewFontExtensions.swift */,
				7F33B9C31D50F91A009B60FA /* FontHelper.swift */,
				7F33B9BB1D50F87B009B60FA /* airglyphs.ttf */,
				7F33B9BC1D50F87B009B60FA /* circular_bold.otf */,
				7F33B9BD1D50F87B009B60FA /* circular_book.otf */,
				7F33B9BE1D50F87B009B60FA /* circular_light.otf */,
			);
			name = Font;
			sourceTree = "<group>";
		};
		7F33B9C71D510708009B60FA /* Root */ = {
			isa = PBXGroup;
			children = (
				7F33B9C81D51073B009B60FA /* RootTabBarController.swift */,
				7F1BC48E1D5234C100DD9DD9 /* NavigationTabViewController.swift */,
			);
			name = Root;
			sourceTree = "<group>";
		};
		7F3A5D151D4FAAC700CE0349 /* Semester */ = {
			isa = PBXGroup;
			children = (
				7F3A5D251D4FAC2D00CE0349 /* Model */,
				7F3A5D241D4FAC2300CE0349 /* ViewController */,
				7F3A5D231D4FAC1C00CE0349 /* Controller */,
				7F3A5D221D4FAC1400CE0349 /* View */,
			);
			name = Semester;
			sourceTree = "<group>";
		};
		7F3A5D161D4FAAEF00CE0349 /* Course */ = {
			isa = PBXGroup;
			children = (
				392ED1471D4FFD7000E65629 /* Model */,
				392ED1461D4FFD6A00E65629 /* ViewController */,
				392ED1451D4FFD5F00E65629 /* Controller */,
				392ED1441D4FFD5A00E65629 /* View */,
			);
			name = Course;
			sourceTree = "<group>";
		};
		7F3A5D171D4FAB0300CE0349 /* Configuration */ = {
			isa = PBXGroup;
			children = (
				7F45FCCE1D54AAB300CE3E1D /* Localization */,
				7F1BC4A91D528B9500DD9DD9 /* View */,
				7F1BC4A41D5256DC00DD9DD9 /* Categories */,
				7F1BC4A11D52519F00DD9DD9 /* Themes */,
				7F1BC49E1D524F9200DD9DD9 /* Utils */,
				7F33B9BA1D50F862009B60FA /* Font */,
				7F3A5D261D4FAC8D00CE0349 /* Model */,
			);
			name = Configuration;
			sourceTree = "<group>";
		};
		7F3A5D181D4FAB3600CE0349 /* Onboarding */ = {
			isa = PBXGroup;
			children = (
			);
			name = Onboarding;
			sourceTree = "<group>";
		};
		7F3A5D191D4FAB4300CE0349 /* Profile */ = {
			isa = PBXGroup;
			children = (
				7F1BC4901D52455700DD9DD9 /* Controller */,
				7F1BC4921D52456B00DD9DD9 /* Model */,
				7F1BC4941D5245A200DD9DD9 /* View */,
				7F1BC4931D52457600DD9DD9 /* ViewController */,
			);
			name = Profile;
			sourceTree = "<group>";
		};
		7F3A5D221D4FAC1400CE0349 /* View */ = {
			isa = PBXGroup;
			children = (
				393155A51D5012690010A01E /* Cell */,
				7FCE923B1D5345AE00287E44 /* SemesterDialogView.swift */,
				7FCE923D1D5345BC00287E44 /* SemesterDialogView.xib */,
			);
			name = View;
			sourceTree = "<group>";
		};
		7F3A5D231D4FAC1C00CE0349 /* Controller */ = {
			isa = PBXGroup;
			children = (
			);
			name = Controller;
			sourceTree = "<group>";
		};
		7F3A5D241D4FAC2300CE0349 /* ViewController */ = {
			isa = PBXGroup;
			children = (
				393155A31D5010630010A01E /* SemestersViewController.swift */,
			);
			name = ViewController;
			sourceTree = "<group>";
		};
		7F3A5D251D4FAC2D00CE0349 /* Model */ = {
			isa = PBXGroup;
			children = (
				392AF9211D4FEED300A91F92 /* Semester.swift */,
			);
			name = Model;
			sourceTree = "<group>";
		};
		7F3A5D261D4FAC8D00CE0349 /* Model */ = {
			isa = PBXGroup;
			children = (
			);
			name = Model;
			sourceTree = "<group>";
		};
		7F45FCCE1D54AAB300CE3E1D /* Localization */ = {
			isa = PBXGroup;
			children = (
				7F45FCD31D54AAF100CE3E1D /* Localizable.strings */,
				7F45FCD61D54AD8700CE3E1D /* LocalizationExtensions.swift */,
			);
			name = Localization;
			sourceTree = "<group>";
		};
		7FCE923F1D53467100287E44 /* Common */ = {
			isa = PBXGroup;
			children = (
				7FCE92401D53468700287E44 /* View */,
			);
			name = Common;
			sourceTree = "<group>";
		};
		7FCE92401D53468700287E44 /* View */ = {
			isa = PBXGroup;
			children = (
				7FCE92411D5346A800287E44 /* BlurredView.swift */,
			);
			name = View;
			sourceTree = "<group>";
		};
		9713D58FE1FEAF5BEA6C2011 /* Pods */ = {
			isa = PBXGroup;
			children = (
				94F04060EE000B88DD79499C /* Pods.debug.xcconfig */,
				1CBD48F95C85D890F01E3EC0 /* Pods.release.xcconfig */,
			);
			name = Pods;
			sourceTree = "<group>";
		};
/* End PBXGroup section */

/* Begin PBXNativeTarget section */
		3949C1BE1D4C023600ECA06E /* uCalc */ = {
			isa = PBXNativeTarget;
			buildConfigurationList = 3949C1D31D4C023600ECA06E /* Build configuration list for PBXNativeTarget "uCalc" */;
			buildPhases = (
				0F53B2CC69B3FFC57858C4D0 /* Check Pods Manifest.lock */,
				3949C1BB1D4C023600ECA06E /* Sources */,
				3949C1BC1D4C023600ECA06E /* Frameworks */,
				3949C1BD1D4C023600ECA06E /* Resources */,
				FD9C69F4443BAE9EFAAFC1F0 /* Embed Pods Frameworks */,
				10B46D92491C9315570B3FCD /* Copy Pods Resources */,
			);
			buildRules = (
			);
			dependencies = (
			);
			name = uCalc;
			productName = uCalc;
			productReference = 3949C1BF1D4C023600ECA06E /* uCalc.app */;
			productType = "com.apple.product-type.application";
		};
/* End PBXNativeTarget section */

/* Begin PBXProject section */
		3949C1B71D4C023600ECA06E /* Project object */ = {
			isa = PBXProject;
			attributes = {
				LastSwiftUpdateCheck = 0730;
				LastUpgradeCheck = 0730;
				ORGANIZATIONNAME = "Bruno Aybar";
				TargetAttributes = {
					3949C1BE1D4C023600ECA06E = {
						CreatedOnToolsVersion = 7.3.1;
					};
				};
			};
			buildConfigurationList = 3949C1BA1D4C023600ECA06E /* Build configuration list for PBXProject "uCalc" */;
			compatibilityVersion = "Xcode 3.2";
			developmentRegion = English;
			hasScannedForEncodings = 0;
			knownRegions = (
				en,
				Base,
				es,
			);
			mainGroup = 3949C1B61D4C023600ECA06E;
			productRefGroup = 3949C1C01D4C023600ECA06E /* Products */;
			projectDirPath = "";
			projectRoot = "";
			targets = (
				3949C1BE1D4C023600ECA06E /* uCalc */,
			);
		};
/* End PBXProject section */

/* Begin PBXResourcesBuildPhase section */
		3949C1BD1D4C023600ECA06E /* Resources */ = {
			isa = PBXResourcesBuildPhase;
			buildActionMask = 2147483647;
			files = (
				3949C1CF1D4C023600ECA06E /* LaunchScreen.storyboard in Resources */,
				7F33B9C01D50F87B009B60FA /* circular_bold.otf in Resources */,
				7F45FCD11D54AAF100CE3E1D /* Localizable.strings in Resources */,
				393155A91D50128F0010A01E /* SemesterTableViewCell.xib in Resources */,
				7F45FCDB1D54B9BF00CE3E1D /* OptionTableViewCell.xib in Resources */,
				7F33B9C11D50F87B009B60FA /* circular_book.otf in Resources */,
				393880861D54CCEB00759435 /* ProfileHeaderTableViewCell.xib in Resources */,
				7FCE923E1D5345BC00287E44 /* SemesterDialogView.xib in Resources */,
				3949C1CC1D4C023600ECA06E /* Assets.xcassets in Resources */,
				7F33B9C21D50F87B009B60FA /* circular_light.otf in Resources */,
				3949C1CA1D4C023600ECA06E /* Main.storyboard in Resources */,
				7F33B9BF1D50F87B009B60FA /* airglyphs.ttf in Resources */,
			);
			runOnlyForDeploymentPostprocessing = 0;
		};
/* End PBXResourcesBuildPhase section */

/* Begin PBXShellScriptBuildPhase section */
		0F53B2CC69B3FFC57858C4D0 /* Check Pods Manifest.lock */ = {
			isa = PBXShellScriptBuildPhase;
			buildActionMask = 2147483647;
			files = (
			);
			inputPaths = (
			);
			name = "Check Pods Manifest.lock";
			outputPaths = (
			);
			runOnlyForDeploymentPostprocessing = 0;
			shellPath = /bin/sh;
			shellScript = "diff \"${PODS_ROOT}/../Podfile.lock\" \"${PODS_ROOT}/Manifest.lock\" > /dev/null\nif [[ $? != 0 ]] ; then\n    cat << EOM\nerror: The sandbox is not in sync with the Podfile.lock. Run 'pod install' or update your CocoaPods installation.\nEOM\n    exit 1\nfi\n";
			showEnvVarsInLog = 0;
		};
		10B46D92491C9315570B3FCD /* Copy Pods Resources */ = {
			isa = PBXShellScriptBuildPhase;
			buildActionMask = 2147483647;
			files = (
			);
			inputPaths = (
			);
			name = "Copy Pods Resources";
			outputPaths = (
			);
			runOnlyForDeploymentPostprocessing = 0;
			shellPath = /bin/sh;
			shellScript = "\"${SRCROOT}/../Pods/Target Support Files/Pods/Pods-resources.sh\"\n";
			showEnvVarsInLog = 0;
		};
		FD9C69F4443BAE9EFAAFC1F0 /* Embed Pods Frameworks */ = {
			isa = PBXShellScriptBuildPhase;
			buildActionMask = 2147483647;
			files = (
			);
			inputPaths = (
			);
			name = "Embed Pods Frameworks";
			outputPaths = (
			);
			runOnlyForDeploymentPostprocessing = 0;
			shellPath = /bin/sh;
			shellScript = "\"${SRCROOT}/../Pods/Target Support Files/Pods/Pods-frameworks.sh\"\n";
			showEnvVarsInLog = 0;
		};
/* End PBXShellScriptBuildPhase section */

/* Begin PBXSourcesBuildPhase section */
		3949C1BB1D4C023600ECA06E /* Sources */ = {
			isa = PBXSourcesBuildPhase;
			buildActionMask = 2147483647;
			files = (
				7FCE923C1D5345AE00287E44 /* SemesterDialogView.swift in Sources */,
				7F1BC4AC1D528BCA00DD9DD9 /* UcalcViewController.swift in Sources */,
				3949C1C71D4C023600ECA06E /* SecondViewController.swift in Sources */,
				3938807D1D54C8C700759435 /* User.swift in Sources */,
				7F1BC4A31D52520600DD9DD9 /* ThemeColors.swift in Sources */,
				393155A81D50128F0010A01E /* SemesterTableViewCell.swift in Sources */,
				3938807F1D54C96100759435 /* UserDefaultsController.swift in Sources */,
				7FB451031D53A01400567BC6 /* RoundedButton.swift in Sources */,
				3938807B1D54C8A900759435 /* ProfileViewController.swift in Sources */,
				7F1BC48F1D5234C100DD9DD9 /* NavigationTabViewController.swift in Sources */,
				3949C1C31D4C023600ECA06E /* AppDelegate.swift in Sources */,
				7F33B9C61D50FD47009B60FA /* ViewFontExtensions.swift in Sources */,
				7F33B9C41D50F91A009B60FA /* FontHelper.swift in Sources */,
				7F45FCDA1D54B9BF00CE3E1D /* OptionTableViewCell.swift in Sources */,
				392ED1491D4FFDA600E65629 /* Course.swift in Sources */,
				393880851D54CCEB00759435 /* ProfileHeaderTableViewCell.swift in Sources */,
				393155A41D5010630010A01E /* SemestersViewController.swift in Sources */,
				7FCE92441D5359E700287E44 /* UiUtils.swift in Sources */,
				7F1BC4A81D52598400DD9DD9 /* ThemeHelper.swift in Sources */,
				392ED14B1D50008400E65629 /* Evaluation.swift in Sources */,
				3949C1C51D4C023600ECA06E /* FirstViewController.swift in Sources */,
				7F1BC4961D5245DD00DD9DD9 /* ColorViewController.swift in Sources */,
				392AF9221D4FEED300A91F92 /* Semester.swift in Sources */,
				7F1BC4A61D52574A00DD9DD9 /* HexaColorExtension.swift in Sources */,
				7F1BC49D1D52465800DD9DD9 /* QuickPickerViewController.swift in Sources */,
				7F45FCD71D54AD8700CE3E1D /* LocalizationExtensions.swift in Sources */,
				7F1BC4A01D524FE600DD9DD9 /* TintedImage.swift in Sources */,
				7F33B9C91D51073B009B60FA /* RootTabBarController.swift in Sources */,
				7FCE92421D5346A800287E44 /* BlurredView.swift in Sources */,
			);
			runOnlyForDeploymentPostprocessing = 0;
		};
/* End PBXSourcesBuildPhase section */

/* Begin PBXVariantGroup section */
		3949C1C81D4C023600ECA06E /* Main.storyboard */ = {
			isa = PBXVariantGroup;
			children = (
				3949C1C91D4C023600ECA06E /* Base */,
			);
			name = Main.storyboard;
			sourceTree = "<group>";
		};
		3949C1CD1D4C023600ECA06E /* LaunchScreen.storyboard */ = {
			isa = PBXVariantGroup;
			children = (
				3949C1CE1D4C023600ECA06E /* Base */,
			);
			name = LaunchScreen.storyboard;
			sourceTree = "<group>";
		};
		7F45FCD31D54AAF100CE3E1D /* Localizable.strings */ = {
			isa = PBXVariantGroup;
			children = (
				7F45FCD21D54AAF100CE3E1D /* Base */,
				7F45FCD41D54AAF300CE3E1D /* en */,
				7F45FCD51D54AB2100CE3E1D /* es */,
			);
			name = Localizable.strings;
			path = Configuration/Localization;
			sourceTree = "<group>";
		};
/* End PBXVariantGroup section */

/* Begin XCBuildConfiguration section */
		3949C1D11D4C023600ECA06E /* Debug */ = {
			isa = XCBuildConfiguration;
			buildSettings = {
				ALWAYS_SEARCH_USER_PATHS = NO;
				CLANG_ANALYZER_NONNULL = YES;
				CLANG_CXX_LANGUAGE_STANDARD = "gnu++0x";
				CLANG_CXX_LIBRARY = "libc++";
				CLANG_ENABLE_MODULES = YES;
				CLANG_ENABLE_OBJC_ARC = YES;
				CLANG_WARN_BOOL_CONVERSION = YES;
				CLANG_WARN_CONSTANT_CONVERSION = YES;
				CLANG_WARN_DIRECT_OBJC_ISA_USAGE = YES_ERROR;
				CLANG_WARN_EMPTY_BODY = YES;
				CLANG_WARN_ENUM_CONVERSION = YES;
				CLANG_WARN_INT_CONVERSION = YES;
				CLANG_WARN_OBJC_ROOT_CLASS = YES_ERROR;
				CLANG_WARN_UNREACHABLE_CODE = YES;
				CLANG_WARN__DUPLICATE_METHOD_MATCH = YES;
				"CODE_SIGN_IDENTITY[sdk=iphoneos*]" = "iPhone Developer";
				COPY_PHASE_STRIP = NO;
				DEBUG_INFORMATION_FORMAT = dwarf;
				ENABLE_STRICT_OBJC_MSGSEND = YES;
				ENABLE_TESTABILITY = YES;
				GCC_C_LANGUAGE_STANDARD = gnu99;
				GCC_DYNAMIC_NO_PIC = NO;
				GCC_NO_COMMON_BLOCKS = YES;
				GCC_OPTIMIZATION_LEVEL = 0;
				GCC_PREPROCESSOR_DEFINITIONS = (
					"DEBUG=1",
					"$(inherited)",
				);
				GCC_WARN_64_TO_32_BIT_CONVERSION = YES;
				GCC_WARN_ABOUT_RETURN_TYPE = YES_ERROR;
				GCC_WARN_UNDECLARED_SELECTOR = YES;
				GCC_WARN_UNINITIALIZED_AUTOS = YES_AGGRESSIVE;
				GCC_WARN_UNUSED_FUNCTION = YES;
				GCC_WARN_UNUSED_VARIABLE = YES;
				IPHONEOS_DEPLOYMENT_TARGET = 9.3;
				MTL_ENABLE_DEBUG_INFO = YES;
				ONLY_ACTIVE_ARCH = YES;
				SDKROOT = iphoneos;
				SWIFT_OPTIMIZATION_LEVEL = "-Onone";
				TARGETED_DEVICE_FAMILY = "1,2";
			};
			name = Debug;
		};
		3949C1D21D4C023600ECA06E /* Release */ = {
			isa = XCBuildConfiguration;
			buildSettings = {
				ALWAYS_SEARCH_USER_PATHS = NO;
				CLANG_ANALYZER_NONNULL = YES;
				CLANG_CXX_LANGUAGE_STANDARD = "gnu++0x";
				CLANG_CXX_LIBRARY = "libc++";
				CLANG_ENABLE_MODULES = YES;
				CLANG_ENABLE_OBJC_ARC = YES;
				CLANG_WARN_BOOL_CONVERSION = YES;
				CLANG_WARN_CONSTANT_CONVERSION = YES;
				CLANG_WARN_DIRECT_OBJC_ISA_USAGE = YES_ERROR;
				CLANG_WARN_EMPTY_BODY = YES;
				CLANG_WARN_ENUM_CONVERSION = YES;
				CLANG_WARN_INT_CONVERSION = YES;
				CLANG_WARN_OBJC_ROOT_CLASS = YES_ERROR;
				CLANG_WARN_UNREACHABLE_CODE = YES;
				CLANG_WARN__DUPLICATE_METHOD_MATCH = YES;
				"CODE_SIGN_IDENTITY[sdk=iphoneos*]" = "iPhone Developer";
				COPY_PHASE_STRIP = NO;
				DEBUG_INFORMATION_FORMAT = "dwarf-with-dsym";
				ENABLE_NS_ASSERTIONS = NO;
				ENABLE_STRICT_OBJC_MSGSEND = YES;
				GCC_C_LANGUAGE_STANDARD = gnu99;
				GCC_NO_COMMON_BLOCKS = YES;
				GCC_WARN_64_TO_32_BIT_CONVERSION = YES;
				GCC_WARN_ABOUT_RETURN_TYPE = YES_ERROR;
				GCC_WARN_UNDECLARED_SELECTOR = YES;
				GCC_WARN_UNINITIALIZED_AUTOS = YES_AGGRESSIVE;
				GCC_WARN_UNUSED_FUNCTION = YES;
				GCC_WARN_UNUSED_VARIABLE = YES;
				IPHONEOS_DEPLOYMENT_TARGET = 9.3;
				MTL_ENABLE_DEBUG_INFO = NO;
				SDKROOT = iphoneos;
				TARGETED_DEVICE_FAMILY = "1,2";
				VALIDATE_PRODUCT = YES;
			};
			name = Release;
		};
		3949C1D41D4C023600ECA06E /* Debug */ = {
			isa = XCBuildConfiguration;
			baseConfigurationReference = 94F04060EE000B88DD79499C /* Pods.debug.xcconfig */;
			buildSettings = {
				ASSETCATALOG_COMPILER_APPICON_NAME = AppIcon;
				INFOPLIST_FILE = uCalc/Info.plist;
				LD_RUNPATH_SEARCH_PATHS = "$(inherited) @executable_path/Frameworks";
				PRODUCT_BUNDLE_IDENTIFIER = com.dev.bruno.uCalc;
				PRODUCT_NAME = "$(TARGET_NAME)";
				USER_HEADER_SEARCH_PATHS = "";
			};
			name = Debug;
		};
		3949C1D51D4C023600ECA06E /* Release */ = {
			isa = XCBuildConfiguration;
			baseConfigurationReference = 1CBD48F95C85D890F01E3EC0 /* Pods.release.xcconfig */;
			buildSettings = {
				ASSETCATALOG_COMPILER_APPICON_NAME = AppIcon;
				INFOPLIST_FILE = uCalc/Info.plist;
				LD_RUNPATH_SEARCH_PATHS = "$(inherited) @executable_path/Frameworks";
				PRODUCT_BUNDLE_IDENTIFIER = com.dev.bruno.uCalc;
				PRODUCT_NAME = "$(TARGET_NAME)";
				USER_HEADER_SEARCH_PATHS = "";
			};
			name = Release;
		};
/* End XCBuildConfiguration section */

/* Begin XCConfigurationList section */
		3949C1BA1D4C023600ECA06E /* Build configuration list for PBXProject "uCalc" */ = {
			isa = XCConfigurationList;
			buildConfigurations = (
				3949C1D11D4C023600ECA06E /* Debug */,
				3949C1D21D4C023600ECA06E /* Release */,
			);
			defaultConfigurationIsVisible = 0;
			defaultConfigurationName = Release;
		};
		3949C1D31D4C023600ECA06E /* Build configuration list for PBXNativeTarget "uCalc" */ = {
			isa = XCConfigurationList;
			buildConfigurations = (
				3949C1D41D4C023600ECA06E /* Debug */,
				3949C1D51D4C023600ECA06E /* Release */,
			);
			defaultConfigurationIsVisible = 0;
			defaultConfigurationName = Release;
		};
/* End XCConfigurationList section */
	};
	rootObject = 3949C1B71D4C023600ECA06E /* Project object */;
}
